
Microsoft Visual Studio Solution File, Format Version 12.00
# Visual Studio 15
VisualStudioVersion = 15.0.28307.1758
MinimumVisualStudioVersion = 10.0.40219.1
Project("{FAE04EC0-301F-11D3-BF4B-00C04F79EFBC}") = "Santa Archiving System", "Santa Archiving System\Santa Archiving System.csproj", "{C1EF7C67-DD5F-4325-9F38-F154919E1254}"
EndProject
Global
	GlobalSection(SolutionConfigurationPlatforms) = preSolution
		Debug|Any CPU = Debug|Any CPU
		Release|Any CPU = Release|Any CPU
	EndGlobalSection
	GlobalSection(ProjectConfigurationPlatforms) = postSolution
		{C1EF7C67-DD5F-4325-9F38-F154919E1254}.Debug|Any CPU.ActiveCfg = Debug|Any CPU
		{C1EF7C67-DD5F-4325-9F38-F154919E1254}.Debug|Any CPU.Build.0 = Debug|Any CPU
		{C1EF7C67-DD5F-4325-9F38-F154919E1254}.Release|Any CPU.ActiveCfg = Release|Any CPU
		{C1EF7C67-DD5F-4325-9F38-F154919E1254}.Release|Any CPU.Build.0 = Release|Any CPU
	EndGlobalSection
	GlobalSection(SolutionProperties) = preSolution
		HideSolutionNode = FALSE
	EndGlobalSection
	GlobalSection(ExtensibilityGlobals) = postSolution
		SolutionGuid = {7DF386FD-FF91-4855-A92E-33D93D4D5E11}
	EndGlobalSection
EndGlobal
